
Microsoft Visual Studio Solution File, Format Version 12.00
# Visual Studio 15
VisualStudioVersion = 15.0.28307.271
MinimumVisualStudioVersion = 10.0.40219.1
Project("{FAE04EC0-301F-11D3-BF4B-00C04F79EFBC}") = "DesignPatterns", "DesignPatterns\DesignPatterns.csproj", "{BFA00F61-93E4-4A7A-9647-E471E06D8826}"
EndProject
Global
	GlobalSection(SolutionConfigurationPlatforms) = preSolution
		Debug|Any CPU = Debug|Any CPU
		Release|Any CPU = Release|Any CPU
	EndGlobalSection
	GlobalSection(ProjectConfigurationPlatforms) = postSolution
		{BFA00F61-93E4-4A7A-9647-E471E06D8826}.Debug|Any CPU.ActiveCfg = Debug|Any CPU
		{BFA00F61-93E4-4A7A-9647-E471E06D8826}.Debug|Any CPU.Build.0 = Debug|Any CPU
		{BFA00F61-93E4-4A7A-9647-E471E06D8826}.Release|Any CPU.ActiveCfg = Release|Any CPU
		{BFA00F61-93E4-4A7A-9647-E471E06D8826}.Release|Any CPU.Build.0 = Release|Any CPU
	EndGlobalSection
	GlobalSection(SolutionProperties) = preSolution
		HideSolutionNode = FALSE
	EndGlobalSection
	GlobalSection(ExtensibilityGlobals) = postSolution
		SolutionGuid = {DC6CE940-B54F-482B-A480-97C37C522A00}
	EndGlobalSection
EndGlobal
